
Microsoft Visual Studio Solution File, Format Version 12.00
#
Project("{2150E333-8FDC-42A3-9474-1A3956D46DE8}") = "src", "src", "{47768131-539B-4C3B-B357-5ED9F10E170C}"
EndProject
Project("{2150E333-8FDC-42A3-9474-1A3956D46DE8}") = "Domain", "Domain", "{7F10E663-A865-4D25-AB40-E6FD85620F1E}"
EndProject
Project("{FAE04EC0-301F-11D3-BF4B-00C04F79EFBC}") = "SGBV.Domain", "src\Domain\SGBV.Domain\SGBV.Domain.csproj", "{67ADB280-2401-48AB-B4FE-6C28AFE1A7DB}"
EndProject
Project("{2150E333-8FDC-42A3-9474-1A3956D46DE8}") = "Application", "Application", "{5EC32742-F245-46DA-BE60-5722121AE17C}"
EndProject
Project("{FAE04EC0-301F-11D3-BF4B-00C04F79EFBC}") = "SGBV.Application", "src\Application\SGBV.Application\SGBV.Application.csproj", "{2E3C9B22-BE47-44BB-9BFC-A7D111B24567}"
EndProject
Project("{2150E333-8FDC-42A3-9474-1A3956D46DE8}") = "Infrastructure", "Infrastructure", "{EE2DBF3E-3BFB-40D0-9099-CE060A9C2522}"
EndProject
Project("{FAE04EC0-301F-11D3-BF4B-00C04F79EFBC}") = "SGBV.Infrastructure.API", "src\Infrastructure\SGBV.Infrastructure.API\SGBV.Infrastructure.API.csproj", "{E1681367-1B06-4909-A710-28BA37088697}"
EndProject
Project("{FAE04EC0-301F-11D3-BF4B-00C04F79EFBC}") = "SGBV.Infrastructure.Persistence", "src\Infrastructure\SGBV.Infrastructure.Persistence\SGBV.Infrastructure.Persistence.csproj", "{174EAC66-108E-4745-A80B-3661CC39CC3F}"
EndProject
Project("{FAE04EC0-301F-11D3-BF4B-00C04F79EFBC}") = "SGBV.Infrastructure.Shared", "src\Infrastructure\SGBV.Infrastructure.Shared\SGBV.Infrastructure.Shared.csproj", "{36E97C2F-71E3-48E5-A8C1-A19535FFA363}"
EndProject
Global
	GlobalSection(SolutionConfigurationPlatforms) = preSolution
		Debug|Any CPU = Debug|Any CPU
		Debug|x64 = Debug|x64
		Debug|x86 = Debug|x86
		Release|Any CPU = Release|Any CPU
		Release|x64 = Release|x64
		Release|x86 = Release|x86
	EndGlobalSection
	GlobalSection(ProjectConfigurationPlatforms) = postSolution
		{67ADB280-2401-48AB-B4FE-6C28AFE1A7DB}.Debug|Any CPU.ActiveCfg = Debug|Any CPU
		{67ADB280-2401-48AB-B4FE-6C28AFE1A7DB}.Debug|Any CPU.Build.0 = Debug|Any CPU
		{67ADB280-2401-48AB-B4FE-6C28AFE1A7DB}.Debug|x64.ActiveCfg = Debug|Any CPU
		{67ADB280-2401-48AB-B4FE-6C28AFE1A7DB}.Debug|x64.Build.0 = Debug|Any CPU
		{67ADB280-2401-48AB-B4FE-6C28AFE1A7DB}.Debug|x86.ActiveCfg = Debug|Any CPU
		{67ADB280-2401-48AB-B4FE-6C28AFE1A7DB}.Debug|x86.Build.0 = Debug|Any CPU
		{67ADB280-2401-48AB-B4FE-6C28AFE1A7DB}.Release|Any CPU.ActiveCfg = Release|Any CPU
		{67ADB280-2401-48AB-B4FE-6C28AFE1A7DB}.Release|Any CPU.Build.0 = Release|Any CPU
		{67ADB280-2401-48AB-B4FE-6C28AFE1A7DB}.Release|x64.ActiveCfg = Release|Any CPU
		{67ADB280-2401-48AB-B4FE-6C28AFE1A7DB}.Release|x64.Build.0 = Release|Any CPU
		{67ADB280-2401-48AB-B4FE-6C28AFE1A7DB}.Release|x86.ActiveCfg = Release|Any CPU
		{67ADB280-2401-48AB-B4FE-6C28AFE1A7DB}.Release|x86.Build.0 = Release|Any CPU
		{2E3C9B22-BE47-44BB-9BFC-A7D111B24567}.Debug|Any CPU.ActiveCfg = Debug|Any CPU
		{2E3C9B22-BE47-44BB-9BFC-A7D111B24567}.Debug|Any CPU.Build.0 = Debug|Any CPU
		{2E3C9B22-BE47-44BB-9BFC-A7D111B24567}.Debug|x64.ActiveCfg = Debug|Any CPU
		{2E3C9B22-BE47-44BB-9BFC-A7D111B24567}.Debug|x64.Build.0 = Debug|Any CPU
		{2E3C9B22-BE47-44BB-9BFC-A7D111B24567}.Debug|x86.ActiveCfg = Debug|Any CPU
		{2E3C9B22-BE47-44BB-9BFC-A7D111B24567}.Debug|x86.Build.0 = Debug|Any CPU
		{2E3C9B22-BE47-44BB-9BFC-A7D111B24567}.Release|Any CPU.ActiveCfg = Release|Any CPU
		{2E3C9B22-BE47-44BB-9BFC-A7D111B24567}.Release|Any CPU.Build.0 = Release|Any CPU
		{2E3C9B22-BE47-44BB-9BFC-A7D111B24567}.Release|x64.ActiveCfg = Release|Any CPU
		{2E3C9B22-BE47-44BB-9BFC-A7D111B24567}.Release|x64.Build.0 = Release|Any CPU
		{2E3C9B22-BE47-44BB-9BFC-A7D111B24567}.Release|x86.ActiveCfg = Release|Any CPU
		{2E3C9B22-BE47-44BB-9BFC-A7D111B24567}.Release|x86.Build.0 = Release|Any CPU
		{E1681367-1B06-4909-A710-28BA37088697}.Debug|Any CPU.ActiveCfg = Debug|Any CPU
		{E1681367-1B06-4909-A710-28BA37088697}.Debug|Any CPU.Build.0 = Debug|Any CPU
		{E1681367-1B06-4909-A710-28BA37088697}.Debug|x64.ActiveCfg = Debug|Any CPU
		{E1681367-1B06-4909-A710-28BA37088697}.Debug|x64.Build.0 = Debug|Any CPU
		{E1681367-1B06-4909-A710-28BA37088697}.Debug|x86.ActiveCfg = Debug|Any CPU
		{E1681367-1B06-4909-A710-28BA37088697}.Debug|x86.Build.0 = Debug|Any CPU
		{E1681367-1B06-4909-A710-28BA37088697}.Release|Any CPU.ActiveCfg = Release|Any CPU
		{E1681367-1B06-4909-A710-28BA37088697}.Release|Any CPU.Build.0 = Release|Any CPU
		{E1681367-1B06-4909-A710-28BA37088697}.Release|x64.ActiveCfg = Release|Any CPU
		{E1681367-1B06-4909-A710-28BA37088697}.Release|x64.Build.0 = Release|Any CPU
		{E1681367-1B06-4909-A710-28BA37088697}.Release|x86.ActiveCfg = Release|Any CPU
		{E1681367-1B06-4909-A710-28BA37088697}.Release|x86.Build.0 = Release|Any CPU
		{174EAC66-108E-4745-A80B-3661CC39CC3F}.Debug|Any CPU.ActiveCfg = Debug|Any CPU
		{174EAC66-108E-4745-A80B-3661CC39CC3F}.Debug|Any CPU.Build.0 = Debug|Any CPU
		{174EAC66-108E-4745-A80B-3661CC39CC3F}.Debug|x64.ActiveCfg = Debug|Any CPU
		{174EAC66-108E-4745-A80B-3661CC39CC3F}.Debug|x64.Build.0 = Debug|Any CPU
		{174EAC66-108E-4745-A80B-3661CC39CC3F}.Debug|x86.ActiveCfg = Debug|Any CPU
		{174EAC66-108E-4745-A80B-3661CC39CC3F}.Debug|x86.Build.0 = Debug|Any CPU
		{174EAC66-108E-4745-A80B-3661CC39CC3F}.Release|Any CPU.ActiveCfg = Release|Any CPU
		{174EAC66-108E-4745-A80B-3661CC39CC3F}.Release|Any CPU.Build.0 = Release|Any CPU
		{174EAC66-108E-4745-A80B-3661CC39CC3F}.Release|x64.ActiveCfg = Release|Any CPU
		{174EAC66-108E-4745-A80B-3661CC39CC3F}.Release|x64.Build.0 = Release|Any CPU
		{174EAC66-108E-4745-A80B-3661CC39CC3F}.Release|x86.ActiveCfg = Release|Any CPU
		{174EAC66-108E-4745-A80B-3661CC39CC3F}.Release|x86.Build.0 = Release|Any CPU
		{36E97C2F-71E3-48E5-A8C1-A19535FFA363}.Debug|Any CPU.ActiveCfg = Debug|Any CPU
		{36E97C2F-71E3-48E5-A8C1-A19535FFA363}.Debug|Any CPU.Build.0 = Debug|Any CPU
		{36E97C2F-71E3-48E5-A8C1-A19535FFA363}.Debug|x64.ActiveCfg = Debug|Any CPU
		{36E97C2F-71E3-48E5-A8C1-A19535FFA363}.Debug|x64.Build.0 = Debug|Any CPU
		{36E97C2F-71E3-48E5-A8C1-A19535FFA363}.Debug|x86.ActiveCfg = Debug|Any CPU
		{36E97C2F-71E3-48E5-A8C1-A19535FFA363}.Debug|x86.Build.0 = Debug|Any CPU
		{36E97C2F-71E3-48E5-A8C1-A19535FFA363}.Release|Any CPU.ActiveCfg = Release|Any CPU
		{36E97C2F-71E3-48E5-A8C1-A19535FFA363}.Release|Any CPU.Build.0 = Release|Any CPU
		{36E97C2F-71E3-48E5-A8C1-A19535FFA363}.Release|x64.ActiveCfg = Release|Any CPU
		{36E97C2F-71E3-48E5-A8C1-A19535FFA363}.Release|x64.Build.0 = Release|Any CPU
		{36E97C2F-71E3-48E5-A8C1-A19535FFA363}.Release|x86.ActiveCfg = Release|Any CPU
		{36E97C2F-71E3-48E5-A8C1-A19535FFA363}.Release|x86.Build.0 = Release|Any CPU
	EndGlobalSection
	GlobalSection(NestedProjects) = preSolution
		{7F10E663-A865-4D25-AB40-E6FD85620F1E} = {47768131-539B-4C3B-B357-5ED9F10E170C}
		{67ADB280-2401-48AB-B4FE-6C28AFE1A7DB} = {7F10E663-A865-4D25-AB40-E6FD85620F1E}
		{5EC32742-F245-46DA-BE60-5722121AE17C} = {47768131-539B-4C3B-B357-5ED9F10E170C}
		{2E3C9B22-BE47-44BB-9BFC-A7D111B24567} = {5EC32742-F245-46DA-BE60-5722121AE17C}
		{EE2DBF3E-3BFB-40D0-9099-CE060A9C2522} = {47768131-539B-4C3B-B357-5ED9F10E170C}
		{E1681367-1B06-4909-A710-28BA37088697} = {EE2DBF3E-3BFB-40D0-9099-CE060A9C2522}
		{174EAC66-108E-4745-A80B-3661CC39CC3F} = {EE2DBF3E-3BFB-40D0-9099-CE060A9C2522}
		{36E97C2F-71E3-48E5-A8C1-A19535FFA363} = {EE2DBF3E-3BFB-40D0-9099-CE060A9C2522}
	EndGlobalSection
EndGlobal
